
Microsoft Visual Studio Solution File, Format Version 12.00
# Visual Studio Version 16
VisualStudioVersion = 16.0.31729.503
MinimumVisualStudioVersion = 10.0.40219.1
Project("{9A19103F-16F7-4668-BE54-9A1E7A4F7556}") = "SOLID KENNELN", "SOLID\SOLID KENNELN.csproj", "{52205E3C-232A-48E9-BCB8-7042A6EDB6B8}"
EndProject
Global
	GlobalSection(SolutionConfigurationPlatforms) = preSolution
		Debug|Any CPU = Debug|Any CPU
		Release|Any CPU = Release|Any CPU
	EndGlobalSection
	GlobalSection(ProjectConfigurationPlatforms) = postSolution
		{52205E3C-232A-48E9-BCB8-7042A6EDB6B8}.Debug|Any CPU.ActiveCfg = Debug|Any CPU
		{52205E3C-232A-48E9-BCB8-7042A6EDB6B8}.Debug|Any CPU.Build.0 = Debug|Any CPU
		{52205E3C-232A-48E9-BCB8-7042A6EDB6B8}.Release|Any CPU.ActiveCfg = Release|Any CPU
		{52205E3C-232A-48E9-BCB8-7042A6EDB6B8}.Release|Any CPU.Build.0 = Release|Any CPU
	EndGlobalSection
	GlobalSection(SolutionProperties) = preSolution
		HideSolutionNode = FALSE
	EndGlobalSection
	GlobalSection(ExtensibilityGlobals) = postSolution
		SolutionGuid = {7ECDF0A6-6637-43EC-A6B7-DF33E2E226E6}
	EndGlobalSection
EndGlobal
